// !$*UTF8*$!
{
	archiveVersion = 1;
	classes = {
	};
	objectVersion = 46;
	objects = {

/* Begin PBXBuildFile section */
		BC1CA58F1CD1B71600F5A2B1 /* main.m in Sources */ = {isa = PBXBuildFile; fileRef = BC1CA58E1CD1B71600F5A2B1 /* main.m */; };
		BC1CA5921CD1B71600F5A2B1 /* AppDelegate.m in Sources */ = {isa = PBXBuildFile; fileRef = BC1CA5911CD1B71600F5A2B1 /* AppDelegate.m */; };
		BC1CA5951CD1B71600F5A2B1 /* ViewController.m in Sources */ = {isa = PBXBuildFile; fileRef = BC1CA5941CD1B71600F5A2B1 /* ViewController.m */; };
		BC1CA5981CD1B71600F5A2B1 /* Main.storyboard in Resources */ = {isa = PBXBuildFile; fileRef = BC1CA5961CD1B71600F5A2B1 /* Main.storyboard */; };
		BC1CA59A1CD1B71600F5A2B1 /* Images.xcassets in Resources */ = {isa = PBXBuildFile; fileRef = BC1CA5991CD1B71600F5A2B1 /* Images.xcassets */; };
		BC1CA59D1CD1B71600F5A2B1 /* LaunchScreen.xib in Resources */ = {isa = PBXBuildFile; fileRef = BC1CA59B1CD1B71600F5A2B1 /* LaunchScreen.xib */; };
		BC1CA5A91CD1B71600F5A2B1 /* gitTests.m in Sources */ = {isa = PBXBuildFile; fileRef = BC1CA5A81CD1B71600F5A2B1 /* gitTests.m */; };
/* End PBXBuildFile section */

/* Begin PBXContainerItemProxy section */
		BC1CA5A31CD1B71600F5A2B1 /* PBXContainerItemProxy */ = {
			isa = PBXContainerItemProxy;
			containerPortal = BC1CA5811CD1B71600F5A2B1 /* Project object */;
			proxyType = 1;
			remoteGlobalIDString = BC1CA5881CD1B71600F5A2B1;
			remoteInfo = git;
		};
/* End PBXContainerItemProxy section */

/* Begin PBXFileReference section */
		BC1CA5891CD1B71600F5A2B1 /* git.app */ = {isa = PBXFileReference; explicitFileType = wrapper.application; includeInIndex = 0; path = git.app; sourceTree = BUILT_PRODUCTS_DIR; };
		BC1CA58D1CD1B71600F5A2B1 /* Info.plist */ = {isa = PBXFileReference; lastKnownFileType = text.plist.xml; path = Info.plist; sourceTree = "<group>"; };
		BC1CA58E1CD1B71600F5A2B1 /* main.m */ = {isa = PBXFileReference; lastKnownFileType = sourcecode.c.objc; path = main.m; sourceTree = "<group>"; };
		BC1CA5901CD1B71600F5A2B1 /* AppDelegate.h */ = {isa = PBXFileReference; lastKnownFileType = sourcecode.c.h; path = AppDelegate.h; sourceTree = "<group>"; };
		BC1CA5911CD1B71600F5A2B1 /* AppDelegate.m */ = {isa = PBXFileReference; lastKnownFileType = sourcecode.c.objc; path = AppDelegate.m; sourceTree = "<group>"; };
		BC1CA5931CD1B71600F5A2B1 /* ViewController.h */ = {isa = PBXFileReference; lastKnownFileType = sourcecode.c.h; path = ViewController.h; sourceTree = "<group>"; };
		BC1CA5941CD1B71600F5A2B1 /* ViewController.m */ = {isa = PBXFileReference; lastKnownFileType = sourcecode.c.objc; path = ViewController.m; sourceTree = "<group>"; };
		BC1CA5971CD1B71600F5A2B1 /* Base */ = {isa = PBXFileReference; lastKnownFileType = file.storyboard; name = Base; path = Base.lproj/Main.storyboard; sourceTree = "<group>"; };
		BC1CA5991CD1B71600F5A2B1 /* Images.xcassets */ = {isa = PBXFileReference; lastKnownFileType = folder.assetcatalog; path = Images.xcassets; sourceTree = "<group>"; };
		BC1CA59C1CD1B71600F5A2B1 /* Base */ = {isa = PBXFileReference; lastKnownFileType = file.xib; name = Base; path = Base.lproj/LaunchScreen.xib; sourceTree = "<group>"; };
		BC1CA5A21CD1B71600F5A2B1 /* gitTests.xctest */ = {isa = PBXFileReference; explicitFileType = wrapper.cfbundle; includeInIndex = 0; path = gitTests.xctest; sourceTree = BUILT_PRODUCTS_DIR; };
		BC1CA5A71CD1B71600F5A2B1 /* Info.plist */ = {isa = PBXFileReference; lastKnownFileType = text.plist.xml; path = Info.plist; sourceTree = "<group>"; };
		BC1CA5A81CD1B71600F5A2B1 /* gitTests.m */ = {isa = PBXFileReference; lastKnownFileType = sourcecode.c.objc; path = gitTests.m; sourceTree = "<group>"; };
/* End PBXFileReference section */

/* Begin PBXFrameworksBuildPhase section */
		BC1CA5861CD1B71600F5A2B1 /* Frameworks */ = {
			isa = PBXFrameworksBuildPhase;
			buildActionMask = 2147483647;
			files = (
			);
			runOnlyForDeploymentPostprocessing = 0;
		};
		BC1CA59F1CD1B71600F5A2B1 /* Frameworks */ = {
			isa = PBXFrameworksBuildPhase;
			buildActionMask = 2147483647;
			files = (
			);
			runOnlyForDeploymentPostprocessing = 0;
		};
/* End PBXFrameworksBuildPhase section */

/* Begin PBXGroup section */
		BC1CA5801CD1B71600F5A2B1 = {
			isa = PBXGroup;
			children = (
				BC1CA58B1CD1B71600F5A2B1 /* git */,
				BC1CA5A51CD1B71600F5A2B1 /* gitTests */,
				BC1CA58A1CD1B71600F5A2B1 /* Products */,
			);
			sourceTree = "<group>";
		};
		BC1CA58A1CD1B71600F5A2B1 /* Products */ = {
			isa = PBXGroup;
			children = (
				BC1CA5891CD1B71600F5A2B1 /* git.app */,
				BC1CA5A21CD1B71600F5A2B1 /* gitTests.xctest */,
			);
			name = Products;
			sourceTree = "<group>";
		};
		BC1CA58B1CD1B71600F5A2B1 /* git */ = {
			isa = PBXGroup;
			children = (
				BC1CA5901CD1B71600F5A2B1 /* AppDelegate.h */,
				BC1CA5911CD1B71600F5A2B1 /* AppDelegate.m */,
				BC1CA5931CD1B71600F5A2B1 /* ViewController.h */,
				BC1CA5941CD1B71600F5A2B1 /* ViewController.m */,
				BC1CA5961CD1B71600F5A2B1 /* Main.storyboard */,
				BC1CA5991CD1B71600F5A2B1 /* Images.xcassets */,
				BC1CA59B1CD1B71600F5A2B1 /* LaunchScreen.xib */,
				BC1CA58C1CD1B71600F5A2B1 /* Supporting Files */,
			);
			path = git;
			sourceTree = "<group>";
		};
		BC1CA58C1CD1B71600F5A2B1 /* Supporting Files */ = {
			isa = PBXGroup;
			children = (
				BC1CA58D1CD1B71600F5A2B1 /* Info.plist */,
				BC1CA58E1CD1B71600F5A2B1 /* main.m */,
			);
			name = "Supporting Files";
			sourceTree = "<group>";
		};
		BC1CA5A51CD1B71600F5A2B1 /* gitTests */ = {
			isa = PBXGroup;
			children = (
				BC1CA5A81CD1B71600F5A2B1 /* gitTests.m */,
				BC1CA5A61CD1B71600F5A2B1 /* Supporting Files */,
			);
			path = gitTests;
			sourceTree = "<group>";
		};
		BC1CA5A61CD1B71600F5A2B1 /* Supporting Files */ = {
			isa = PBXGroup;
			children = (
				BC1CA5A71CD1B71600F5A2B1 /* Info.plist */,
			);
			name = "Supporting Files";
			sourceTree = "<group>";
		};
/* End PBXGroup section */

/* Begin PBXNativeTarget section */
		BC1CA5881CD1B71600F5A2B1 /* git */ = {
			isa = PBXNativeTarget;
			buildConfigurationList = BC1CA5AC1CD1B71600F5A2B1 /* Build configuration list for PBXNativeTarget "git" */;
			buildPhases = (
				BC1CA5851CD1B71600F5A2B1 /* Sources */,
				BC1CA5861CD1B71600F5A2B1 /* Frameworks */,
				BC1CA5871CD1B71600F5A2B1 /* Resources */,
			);
			buildRules = (
			);
			dependencies = (
			);
			name = git;
			productName = git;
			productReference = BC1CA5891CD1B71600F5A2B1 /* git.app */;
			productType = "com.apple.product-type.application";
		};
		BC1CA5A11CD1B71600F5A2B1 /* gitTests */ = {
			isa = PBXNativeTarget;
			buildConfigurationList = BC1CA5AF1CD1B71600F5A2B1 /* Build configuration list for PBXNativeTarget "gitTests" */;
			buildPhases = (
				BC1CA59E1CD1B71600F5A2B1 /* Sources */,
				BC1CA59F1CD1B71600F5A2B1 /* Frameworks */,
				BC1CA5A01CD1B71600F5A2B1 /* Resources */,
			);
			buildRules = (
			);
			dependencies = (
				BC1CA5A41CD1B71600F5A2B1 /* PBXTargetDependency */,
			);
			name = gitTests;
			productName = gitTests;
			productReference = BC1CA5A21CD1B71600F5A2B1 /* gitTests.xctest */;
			productType = "com.apple.product-type.bundle.unit-test";
		};
/* End PBXNativeTarget section */

/* Begin PBXProject section */
		BC1CA5811CD1B71600F5A2B1 /* Project object */ = {
			isa = PBXProject;
			attributes = {
				LastUpgradeCheck = 0600;
				ORGANIZATIONNAME = wds;
				TargetAttributes = {
					BC1CA5881CD1B71600F5A2B1 = {
						CreatedOnToolsVersion = 6.0.1;
					};
					BC1CA5A11CD1B71600F5A2B1 = {
						CreatedOnToolsVersion = 6.0.1;
						TestTargetID = BC1CA5881CD1B71600F5A2B1;
					};
				};
			};
			buildConfigurationList = BC1CA5841CD1B71600F5A2B1 /* Build configuration list for PBXProject "git" */;
			compatibilityVersion = "Xcode 3.2";
			developmentRegion = English;
			hasScannedForEncodings = 0;
			knownRegions = (
				en,
				Base,
			);
			mainGroup = BC1CA5801CD1B71600F5A2B1;
			productRefGroup = BC1CA58A1CD1B71600F5A2B1 /* Products */;
			projectDirPath = "";
			projectRoot = "";
			targets = (
				BC1CA5881CD1B71600F5A2B1 /* git */,
				BC1CA5A11CD1B71600F5A2B1 /* gitTests */,
			);
		};
/* End PBXProject section */

/* Begin PBXResourcesBuildPhase section */
		BC1CA5871CD1B71600F5A2B1 /* Resources */ = {
			isa = PBXResourcesBuildPhase;
			buildActionMask = 2147483647;
			files = (
				BC1CA5981CD1B71600F5A2B1 /* Main.storyboard in Resources */,
				BC1CA59D1CD1B71600F5A2B1 /* LaunchScreen.xib in Resources */,
				BC1CA59A1CD1B71600F5A2B1 /* Images.xcassets in Resources */,
			);
			runOnlyForDeploymentPostprocessing = 0;
		};
		BC1CA5A01CD1B71600F5A2B1 /* Resources */ = {
			isa = PBXResourcesBuildPhase;
			buildActionMask = 2147483647;
			files = (
			);
			runOnlyForDeploymentPostprocessing = 0;
		};
/* End PBXResourcesBuildPhase section */

/* Begin PBXSourcesBuildPhase section */
		BC1CA5851CD1B71600F5A2B1 /* Sources */ = {
			isa = PBXSourcesBuildPhase;
			buildActionMask = 2147483647;
			files = (
				BC1CA5951CD1B71600F5A2B1 /* ViewController.m in Sources */,
				BC1CA5921CD1B71600F5A2B1 /* AppDelegate.m in Sources */,
				BC1CA58F1CD1B71600F5A2B1 /* main.m in Sources */,
			);
			runOnlyForDeploymentPostprocessing = 0;
		};
		BC1CA59E1CD1B71600F5A2B1 /* Sources */ = {
			isa = PBXSourcesBuildPhase;
			buildActionMask = 2147483647;
			files = (
				BC1CA5A91CD1B71600F5A2B1 /* gitTests.m in Sources */,
			);
			runOnlyForDeploymentPostprocessing = 0;
		};
/* End PBXSourcesBuildPhase section */

/* Begin PBXTargetDependency section */
		BC1CA5A41CD1B71600F5A2B1 /* PBXTargetDependency */ = {
			isa = PBXTargetDependency;
			target = BC1CA5881CD1B71600F5A2B1 /* git */;
			targetProxy = BC1CA5A31CD1B71600F5A2B1 /* PBXContainerItemProxy */;
		};
/* End PBXTargetDependency section */

/* Begin PBXVariantGroup section */
		BC1CA5961CD1B71600F5A2B1 /* Main.storyboard */ = {
			isa = PBXVariantGroup;
			children = (
				BC1CA5971CD1B71600F5A2B1 /* Base */,
			);
			name = Main.storyboard;
			sourceTree = "<group>";
		};
		BC1CA59B1CD1B71600F5A2B1 /* LaunchScreen.xib */ = {
			isa = PBXVariantGroup;
			children = (
				BC1CA59C1CD1B71600F5A2B1 /* Base */,
			);
			name = LaunchScreen.xib;
			sourceTree = "<group>";
		};
/* End PBXVariantGroup section */

/* Begin XCBuildConfiguration section */
		BC1CA5AA1CD1B71600F5A2B1 /* Debug */ = {
			isa = XCBuildConfiguration;
			buildSettings = {
				ALWAYS_SEARCH_USER_PATHS = NO;
				CLANG_CXX_LANGUAGE_STANDARD = "gnu++0x";
				CLANG_CXX_LIBRARY = "libc++";
				CLANG_ENABLE_MODULES = YES;
				CLANG_ENABLE_OBJC_ARC = YES;
				CLANG_WARN_BOOL_CONVERSION = YES;
				CLANG_WARN_CONSTANT_CONVERSION = YES;
				CLANG_WARN_DIRECT_OBJC_ISA_USAGE = YES_ERROR;
				CLANG_WARN_EMPTY_BODY = YES;
				CLANG_WARN_ENUM_CONVERSION = YES;
				CLANG_WARN_INT_CONVERSION = YES;
				CLANG_WARN_OBJC_ROOT_CLASS = YES_ERROR;
				CLANG_WARN_UNREACHABLE_CODE = YES;
				CLANG_WARN__DUPLICATE_METHOD_MATCH = YES;
				"CODE_SIGN_IDENTITY[sdk=iphoneos*]" = "iPhone Developer";
				COPY_PHASE_STRIP = NO;
				ENABLE_STRICT_OBJC_MSGSEND = YES;
				GCC_C_LANGUAGE_STANDARD = gnu99;
				GCC_DYNAMIC_NO_PIC = NO;
				GCC_OPTIMIZATION_LEVEL = 0;
				GCC_PREPROCESSOR_DEFINITIONS = (
					"DEBUG=1",
					"$(inherited)",
				);
				GCC_SYMBOLS_PRIVATE_EXTERN = NO;
				GCC_WARN_64_TO_32_BIT_CONVERSION = YES;
				GCC_WARN_ABOUT_RETURN_TYPE = YES_ERROR;
				GCC_WARN_UNDECLARED_SELECTOR = YES;
				GCC_WARN_UNINITIALIZED_AUTOS = YES_AGGRESSIVE;
				GCC_WARN_UNUSED_FUNCTION = YES;
				GCC_WARN_UNUSED_VARIABLE = YES;
				IPHONEOS_DEPLOYMENT_TARGET = 8.0;
				MTL_ENABLE_DEBUG_INFO = YES;
				ONLY_ACTIVE_ARCH = YES;
				SDKROOT = iphoneos;
			};
			name = Debug;
		};
		BC1CA5AB1CD1B71600F5A2B1 /* Release */ = {
			isa = XCBuildConfiguration;
			buildSettings = {
				ALWAYS_SEARCH_USER_PATHS = NO;
				CLANG_CXX_LANGUAGE_STANDARD = "gnu++0x";
				CLANG_CXX_LIBRARY = "libc++";
				CLANG_ENABLE_MODULES = YES;
				CLANG_ENABLE_OBJC_ARC = YES;
				CLANG_WARN_BOOL_CONVERSION = YES;
				CLANG_WARN_CONSTANT_CONVERSION = YES;
				CLANG_WARN_DIRECT_OBJC_ISA_USAGE = YES_ERROR;
				CLANG_WARN_EMPTY_BODY = YES;
				CLANG_WARN_ENUM_CONVERSION = YES;
				CLANG_WARN_INT_CONVERSION = YES;
				CLANG_WARN_OBJC_ROOT_CLASS = YES_ERROR;
				CLANG_WARN_UNREACHABLE_CODE = YES;
				CLANG_WARN__DUPLICATE_METHOD_MATCH = YES;
				"CODE_SIGN_IDENTITY[sdk=iphoneos*]" = "iPhone Developer";
				COPY_PHASE_STRIP = YES;
				ENABLE_NS_ASSERTIONS = NO;
				ENABLE_STRICT_OBJC_MSGSEND = YES;
				GCC_C_LANGUAGE_STANDARD = gnu99;
				GCC_WARN_64_TO_32_BIT_CONVERSION = YES;
				GCC_WARN_ABOUT_RETURN_TYPE = YES_ERROR;
				GCC_WARN_UNDECLARED_SELECTOR = YES;
				GCC_WARN_UNINITIALIZED_AUTOS = YES_AGGRESSIVE;
				GCC_WARN_UNUSED_FUNCTION = YES;
				GCC_WARN_UNUSED_VARIABLE = YES;
				IPHONEOS_DEPLOYMENT_TARGET = 8.0;
				MTL_ENABLE_DEBUG_INFO = NO;
				SDKROOT = iphoneos;
				VALIDATE_PRODUCT = YES;
			};
			name = Release;
		};
		BC1CA5AD1CD1B71600F5A2B1 /* Debug */ = {
			isa = XCBuildConfiguration;
			buildSettings = {
				ASSETCATALOG_COMPILER_APPICON_NAME = AppIcon;
				INFOPLIST_FILE = git/Info.plist;
				LD_RUNPATH_SEARCH_PATHS = "$(inherited) @executable_path/Frameworks";
				PRODUCT_NAME = "$(TARGET_NAME)";
			};
			name = Debug;
		};
		BC1CA5AE1CD1B71600F5A2B1 /* Release */ = {
			isa = XCBuildConfiguration;
			buildSettings = {
				ASSETCATALOG_COMPILER_APPICON_NAME = AppIcon;
				INFOPLIST_FILE = git/Info.plist;
				LD_RUNPATH_SEARCH_PATHS = "$(inherited) @executable_path/Frameworks";
				PRODUCT_NAME = "$(TARGET_NAME)";
			};
			name = Release;
		};
		BC1CA5B01CD1B71600F5A2B1 /* Debug */ = {
			isa = XCBuildConfiguration;
			buildSettings = {
				BUNDLE_LOADER = "$(TEST_HOST)";
				FRAMEWORK_SEARCH_PATHS = (
					"$(SDKROOT)/Developer/Library/Frameworks",
					"$(inherited)",
				);
				GCC_PREPROCESSOR_DEFINITIONS = (
					"DEBUG=1",
					"$(inherited)",
				);
				INFOPLIST_FILE = gitTests/Info.plist;
				LD_RUNPATH_SEARCH_PATHS = "$(inherited) @executable_path/Frameworks @loader_path/Frameworks";
				PRODUCT_NAME = "$(TARGET_NAME)";
				TEST_HOST = "$(BUILT_PRODUCTS_DIR)/git.app/git";
			};
			name = Debug;
		};
		BC1CA5B11CD1B71600F5A2B1 /* Release */ = {
			isa = XCBuildConfiguration;
			buildSettings = {
				BUNDLE_LOADER = "$(TEST_HOST)";
				FRAMEWORK_SEARCH_PATHS = (
					"$(SDKROOT)/Developer/Library/Frameworks",
					"$(inherited)",
				);
				INFOPLIST_FILE = gitTests/Info.plist;
				LD_RUNPATH_SEARCH_PATHS = "$(inherited) @executable_path/Frameworks @loader_path/Frameworks";
				PRODUCT_NAME = "$(TARGET_NAME)";
				TEST_HOST = "$(BUILT_PRODUCTS_DIR)/git.app/git";
			};
			name = Release;
		};
/* End XCBuildConfiguration section */

/* Begin XCConfigurationList section */
		BC1CA5841CD1B71600F5A2B1 /* Build configuration list for PBXProject "git" */ = {
			isa = XCConfigurationList;
			buildConfigurations = (
				BC1CA5AA1CD1B71600F5A2B1 /* Debug */,
				BC1CA5AB1CD1B71600F5A2B1 /* Release */,
			);
			defaultConfigurationIsVisible = 0;
			defaultConfigurationName = Release;
		};
		BC1CA5AC1CD1B71600F5A2B1 /* Build configuration list for PBXNativeTarget "git" */ = {
			isa = XCConfigurationList;
			buildConfigurations = (
				BC1CA5AD1CD1B71600F5A2B1 /* Debug */,
				BC1CA5AE1CD1B71600F5A2B1 /* Release */,
			);
			defaultConfigurationIsVisible = 0;
		};
		BC1CA5AF1CD1B71600F5A2B1 /* Build configuration list for PBXNativeTarget "gitTests" */ = {
			isa = XCConfigurationList;
			buildConfigurations = (
				BC1CA5B01CD1B71600F5A2B1 /* Debug */,
				BC1CA5B11CD1B71600F5A2B1 /* Release */,
			);
			defaultConfigurationIsVisible = 0;
		};
/* End XCConfigurationList section */
	};
	rootObject = BC1CA5811CD1B71600F5A2B1 /* Project object */;
}
